github.com/joho/godotenv v1.5.1 h1:7eLL/+HRGLY0ldzfGMeQkb7vMd0as4CfYvUVzLqw0N0=
github.com/joho/godotenv v1.5.1/go.mod h1:f4LDr5Voq0i2e/R5DDNOoa2zzDfwtkZa6DnEwAbqwq4=
golang.org/x/exp v0.0.0-20230224173230-c95f2b4c22f2 h1:Jvc7gsqn21cJHCmAWx0LiimpP18LZmUxkT5Mp7EZ1mI=
golang.org/x/exp v0.0.0-20230224173230-c95f2b4c22f2/go.mod h1:CxIveKay+FTh1D0yPZemJVgC/95VzuuOLq5Qi4xnoYc=
